<?xml version="1.0" encoding="utf-8"?>
<Project ToolsVersion="4.0" xmlns="http://schemas.microsoft.com/developer/msbuild/2003">
  <ItemGroup>
    <Filter Include="Source Files">
      <UniqueIdentifier>{4FC737F1-C7A5-4376-A066-2A32D752A2FF}</UniqueIdentifier>
      <Extensions>cpp;c;cc;cxx;def;odl;idl;hpj;bat;asm;asmx</Extensions>
    </Filter>
    <Filter Include="Header Files">
      <UniqueIdentifier>{93995380-89BD-4b04-88EB-625FBE52EBFB}</UniqueIdentifier>
      <Extensions>h;hh;hpp;hxx;hm;inl;inc;xsd</Extensions>
    </Filter>
    <Filter Include="Resource Files">
      <UniqueIdentifier>{67DA6AB6-F800-4c08-8B7A-83BB121AAD01}</UniqueIdentifier>
      <Extensions>rc;ico;cur;bmp;dlg;rc2;rct;bin;rgs;gif;jpg;jpeg;jpe;resx;tiff;tif;png;wav;mfcribbon-ms</Extensions>
    </Filter>
    <Filter Include="Resource Files\Fonts">
      <UniqueIdentifier>{b5e82806-bf9b-4fdf-b17c-c35282c021a5}</UniqueIdentifier>
    </Filter>
    <Filter Include="Resource Files\Images">
      <UniqueIdentifier>{1d793ccc-0d22-4eea-8d0e-c5b5a5270a40}</UniqueIdentifier>
    </Filter>
    <Filter Include="Header Files\Types">
      <UniqueIdentifier>{0aca8ec1-d1e4-4e6a-9041-fb4c7bb423cc}</UniqueIdentifier>
    </Filter>
    <Filter Include="Header Files\Buildings">
      <UniqueIdentifier>{222ca848-3713-4ae3-9bf3-8e8b2b401750}</UniqueIdentifier>
    </Filter>
    <Filter Include="Source Files\Buildings">
      <UniqueIdentifier>{1c65d18e-6e76-465b-8107-df7460c220fc}</UniqueIdentifier>
    </Filter>
    <Filter Include="Header Files\UI">
      <UniqueIdentifier>{1b09e9b3-221a-4a2f-8341-baa1c8c23a15}</UniqueIdentifier>
    </Filter>
    <Filter Include="Source Files\UI">
      <UniqueIdentifier>{d6cdf539-ef0b-48be-bfe7-2bb337accdce}</UniqueIdentifier>
    </Filter>
    <Filter Include="Header Files\LevelEditor">
      <UniqueIdentifier>{ceb87df5-056f-4f67-b592-00ec997a2514}</UniqueIdentifier>
    </Filter>
    <Filter Include="Source Files\LevelEditor">
      <UniqueIdentifier>{df98f989-c7b3-4031-b1d8-a06bb6ec31ce}</UniqueIdentifier>
    </Filter>
    <Filter Include="Header Files\Units">
      <UniqueIdentifier>{59e9d43b-a3be-4f2e-af33-bd5dfea66e82}</UniqueIdentifier>
    </Filter>
    <Filter Include="Source Files\Units">
      <UniqueIdentifier>{f69a1bbf-7126-4104-a9ec-6bd340836365}</UniqueIdentifier>
    </Filter>
    <Filter Include="Resource Files\Shaders">
      <UniqueIdentifier>{b7a4e005-e81e-4f8e-8c17-2c83abdfb5a1}</UniqueIdentifier>
    </Filter>
    <Filter Include="Resource Files\Images\Units">
      <UniqueIdentifier>{32449461-962e-4562-9d32-470cc054e509}</UniqueIdentifier>
    </Filter>
    <Filter Include="Resource Files\Images\GUI">
      <UniqueIdentifier>{efa4a446-49ef-43c4-be28-6b442b153134}</UniqueIdentifier>
    </Filter>
    <Filter Include="Resource Files\Images\Menu">
      <UniqueIdentifier>{bc88254f-152f-456a-90ed-86be70347ff1}</UniqueIdentifier>
    </Filter>
    <Filter Include="Resource Files\Images\LevelEditor">
      <UniqueIdentifier>{4a245778-4c08-4984-be7d-054584fb2a0f}</UniqueIdentifier>
    </Filter>
    <Filter Include="Header Files\LevelLoader">
      <UniqueIdentifier>{117bb9a3-ee5d-4d6e-9064-c518553caf24}</UniqueIdentifier>
    </Filter>
    <Filter Include="Source Files\LevelLoader">
      <UniqueIdentifier>{a719fbfd-28d2-42fb-8f2f-e2b71a7c3775}</UniqueIdentifier>
    </Filter>
    <Filter Include="Header Files\NerualNetworks">
      <UniqueIdentifier>{5f331a92-0ef2-485d-aa27-c47ebed3aa52}</UniqueIdentifier>
    </Filter>
    <Filter Include="Source Files\NeuralNetworks">
      <UniqueIdentifier>{6589290a-f31a-4230-8f81-d77ebc4444dc}</UniqueIdentifier>
    </Filter>
    <Filter Include="Header Files\Weapons">
      <UniqueIdentifier>{3b4c4ac1-221d-4b70-91b3-c433479943a9}</UniqueIdentifier>
    </Filter>
    <Filter Include="Source Files\Weapons">
      <UniqueIdentifier>{8cf26ba4-d55a-4186-9d65-0d150a6ff9c7}</UniqueIdentifier>
    </Filter>
  </ItemGroup>
  <ItemGroup>
    <ClCompile Include="main.cpp">
      <Filter>Source Files</Filter>
    </ClCompile>
    <ClCompile Include="Game.cpp">
      <Filter>Source Files</Filter>
    </ClCompile>
    <ClCompile Include="Building.cpp">
      <Filter>Source Files\Buildings</Filter>
    </ClCompile>
    <ClCompile Include="Headquarters.cpp">
      <Filter>Source Files\Buildings</Filter>
    </ClCompile>
    <ClCompile Include="Global.cpp">
      <Filter>Source Files</Filter>
    </ClCompile>
    <ClCompile Include="Refinery.cpp">
      <Filter>Source Files\Buildings</Filter>
    </ClCompile>
    <ClCompile Include="GUI.cpp">
      <Filter>Source Files\UI</Filter>
    </ClCompile>
    <ClCompile Include="SideBar.cpp">
      <Filter>Source Files\UI</Filter>
    </ClCompile>
    <ClCompile Include="Barracks.cpp">
      <Filter>Source Files\Buildings</Filter>
    </ClCompile>
    <ClCompile Include="WarFactory.cpp">
      <Filter>Source Files\Buildings</Filter>
    </ClCompile>
    <ClCompile Include="AirCraft.cpp">
      <Filter>Source Files\Buildings</Filter>
    </ClCompile>
    <ClCompile Include="MainMenu.cpp">
      <Filter>Source Files</Filter>
    </ClCompile>
    <ClCompile Include="LevelEditor.cpp">
      <Filter>Source Files\LevelEditor</Filter>
    </ClCompile>
    <ClCompile Include="Unit.cpp">
      <Filter>Source Files\Units</Filter>
    </ClCompile>
    <ClCompile Include="InfantryUnit.cpp">
      <Filter>Source Files\Units</Filter>
    </ClCompile>
    <ClCompile Include="Tile.cpp">
      <Filter>Source Files\LevelEditor</Filter>
    </ClCompile>
    <ClCompile Include="VehicleUnit.cpp">
      <Filter>Source Files\Units</Filter>
    </ClCompile>
    <ClCompile Include="Harvester.cpp">
      <Filter>Source Files\Units</Filter>
    </ClCompile>
    <ClCompile Include="Firehawk.cpp">
      <Filter>Source Files\Units</Filter>
    </ClCompile>
    <ClCompile Include="AircraftUnit.cpp">
      <Filter>Source Files\Units</Filter>
    </ClCompile>
    <ClCompile Include="HammerHead.cpp">
      <Filter>Source Files\Units</Filter>
    </ClCompile>
    <ClCompile Include="Buggy.cpp">
      <Filter>Source Files\Units</Filter>
    </ClCompile>
    <ClCompile Include="ParticleSystem.cpp">
      <Filter>Source Files</Filter>
    </ClCompile>
    <ClCompile Include="LevelLoader.cpp">
      <Filter>Source Files\LevelLoader</Filter>
    </ClCompile>
    <ClCompile Include="NeuralNetworks.cpp">
      <Filter>Source Files\NeuralNetworks</Filter>
    </ClCompile>
    <ClCompile Include="Bullet.cpp">
      <Filter>Source Files\Weapons</Filter>
    </ClCompile>
    <ClCompile Include="Missile.cpp">
      <Filter>Source Files\Weapons</Filter>
    </ClCompile>
    <ClCompile Include="TankAurora.cpp">
      <Filter>Source Files\Units</Filter>
    </ClCompile>
    <ClCompile Include="RiflemanSquad.cpp">
      <Filter>Source Files\Units</Filter>
    </ClCompile>
    <ClCompile Include="SoundManager.cpp">
      <Filter>Source Files</Filter>
    </ClCompile>
  </ItemGroup>
  <ItemGroup>
    <ClInclude Include="Game.h">
      <Filter>Header Files</Filter>
    </ClInclude>
    <ClInclude Include="Global.h">
      <Filter>Header Files</Filter>
    </ClInclude>
    <ClInclude Include="BuildingType.h">
      <Filter>Header Files\Types</Filter>
    </ClInclude>
    <ClInclude Include="Building.h">
      <Filter>Header Files\Buildings</Filter>
    </ClInclude>
    <ClInclude Include="Headquarters.h">
      <Filter>Header Files\Buildings</Filter>
    </ClInclude>
    <ClInclude Include="InfantryType.h">
      <Filter>Header Files\Types</Filter>
    </ClInclude>
    <ClInclude Include="VehicleType.h">
      <Filter>Header Files\Types</Filter>
    </ClInclude>
    <ClInclude Include="AirCraftType.h">
      <Filter>Header Files\Types</Filter>
    </ClInclude>
    <ClInclude Include="Refinery.h">
      <Filter>Header Files\Buildings</Filter>
    </ClInclude>
    <ClInclude Include="GUI.h">
      <Filter>Header Files\UI</Filter>
    </ClInclude>
    <ClInclude Include="SideBar.h">
      <Filter>Header Files\UI</Filter>
    </ClInclude>
    <ClInclude Include="Barracks.h">
      <Filter>Header Files\Buildings</Filter>
    </ClInclude>
    <ClInclude Include="WarFactory.h">
      <Filter>Header Files\Buildings</Filter>
    </ClInclude>
    <ClInclude Include="AirCraft.h">
      <Filter>Header Files\Buildings</Filter>
    </ClInclude>
    <ClInclude Include="MainMenu.h">
      <Filter>Header Files</Filter>
    </ClInclude>
    <ClInclude Include="GameState.h">
      <Filter>Header Files</Filter>
    </ClInclude>
    <ClInclude Include="LevelEditor.h">
      <Filter>Header Files\LevelEditor</Filter>
    </ClInclude>
    <ClInclude Include="Tile.h">
      <Filter>Header Files\LevelEditor</Filter>
    </ClInclude>
    <ClInclude Include="Unit.h">
      <Filter>Header Files\Units</Filter>
    </ClInclude>
    <ClInclude Include="InfantryUnit.h">
      <Filter>Header Files\Units</Filter>
    </ClInclude>
    <ClInclude Include="VehicleUnit.h">
      <Filter>Header Files\Units</Filter>
    </ClInclude>
    <ClInclude Include="Harvester.h">
      <Filter>Header Files\Units</Filter>
    </ClInclude>
    <ClInclude Include="Firehawk.h">
      <Filter>Header Files\Units</Filter>
    </ClInclude>
    <ClInclude Include="AircraftUnit.h">
      <Filter>Header Files\Units</Filter>
    </ClInclude>
    <ClInclude Include="HammerHead.h">
      <Filter>Header Files\Units</Filter>
    </ClInclude>
    <ClInclude Include="Buggy.h">
      <Filter>Header Files\Units</Filter>
    </ClInclude>
    <ClInclude Include="ParticleSystem.h">
      <Filter>Header Files</Filter>
    </ClInclude>
    <ClInclude Include="LevelLoader.h">
      <Filter>Header Files\LevelLoader</Filter>
    </ClInclude>
    <ClInclude Include="NeuralNetworks.h">
      <Filter>Header Files\NerualNetworks</Filter>
    </ClInclude>
    <ClInclude Include="Bullet.h">
      <Filter>Header Files\Weapons</Filter>
    </ClInclude>
    <ClInclude Include="Missile.h">
      <Filter>Header Files\Weapons</Filter>
    </ClInclude>
    <ClInclude Include="TankAurora.h">
      <Filter>Header Files\Units</Filter>
    </ClInclude>
    <ClInclude Include="RiflemanSquad.h">
      <Filter>Header Files\Units</Filter>
    </ClInclude>
    <ClInclude Include="EnemyAIState.h">
      <Filter>Header Files</Filter>
    </ClInclude>
    <ClInclude Include="WinLoseState.h">
      <Filter>Header Files</Filter>
    </ClInclude>
    <ClInclude Include="SoundManager.h">
      <Filter>Header Files</Filter>
    </ClInclude>
  </ItemGroup>
  <ItemGroup>
    <Font Include="ASSETS\FONTS\ariblk.ttf">
      <Filter>Resource Files\Fonts</Filter>
    </Font>
    <Font Include="Assets\Fonts\ManicSea_19.ttf">
      <Filter>Resource Files\Fonts</Filter>
    </Font>
  </ItemGroup>
</Project>